# This file is generated by running "yarn install" inside your project.
# Manual changes might be lost - proceed with caution!

__metadata:
  version: 8
  cacheKey: 10c0

"pi-flow-enforcer@workspace:.":
  version: 0.0.0-use.local
  resolution: "pi-flow-enforcer@workspace:."
  peerDependencies:
    "@mariozechner/pi-agent-core": "*"
    "@mariozechner/pi-ai": "*"
    "@mariozechner/pi-coding-agent": "*"
    "@sinclair/typebox": "*"
  languageName: unknown
  linkType: soft
